// !$*UTF8*$!
{
	archiveVersion = 1;
	classes = {
	};
	objectVersion = 46;
	objects = {

/* Begin PBXBuildFile section */
		76DDCE3F1E52788E00D80D98 /* AppDelegate.swift in Sources */ = {isa = PBXBuildFile; fileRef = 76DDCE3E1E52788E00D80D98 /* AppDelegate.swift */; };
		76DDCE411E52788E00D80D98 /* ViewController.swift in Sources */ = {isa = PBXBuildFile; fileRef = 76DDCE401E52788E00D80D98 /* ViewController.swift */; };
		76DDCE441E52788F00D80D98 /* Main.storyboard in Resources */ = {isa = PBXBuildFile; fileRef = 76DDCE421E52788F00D80D98 /* Main.storyboard */; };
		76DDCE461E52788F00D80D98 /* Assets.xcassets in Resources */ = {isa = PBXBuildFile; fileRef = 76DDCE451E52788F00D80D98 /* Assets.xcassets */; };
		76DDCE491E52788F00D80D98 /* LaunchScreen.storyboard in Resources */ = {isa = PBXBuildFile; fileRef = 76DDCE471E52788F00D80D98 /* LaunchScreen.storyboard */; };
		76DDCE511E52A07F00D80D98 /* AppDataModel.swift in Sources */ = {isa = PBXBuildFile; fileRef = 76DDCE501E52A07F00D80D98 /* AppDataModel.swift */; };
		76DDCE531E52A79500D80D98 /* SteamSpyService.swift in Sources */ = {isa = PBXBuildFile; fileRef = 76DDCE521E52A79500D80D98 /* SteamSpyService.swift */; };
		76DDCE551E52C50E00D80D98 /* AppCellView.swift in Sources */ = {isa = PBXBuildFile; fileRef = 76DDCE541E52C50E00D80D98 /* AppCellView.swift */; };
		76DDCE571E52DC4F00D80D98 /* AppDetailView.swift in Sources */ = {isa = PBXBuildFile; fileRef = 76DDCE561E52DC4F00D80D98 /* AppDetailView.swift */; };
		77AD34D00EB79C4701DEC9AD /* Pods_Code_Sample.framework in Frameworks */ = {isa = PBXBuildFile; fileRef = B98365B9FFEA3D50F27D4EC0 /* Pods_Code_Sample.framework */; };
/* End PBXBuildFile section */

/* Begin PBXFileReference section */
		030077CDE8988999711D2E8C /* Pods-Code Sample.release.xcconfig */ = {isa = PBXFileReference; includeInIndex = 1; lastKnownFileType = text.xcconfig; name = "Pods-Code Sample.release.xcconfig"; path = "Pods/Target Support Files/Pods-Code Sample/Pods-Code Sample.release.xcconfig"; sourceTree = "<group>"; };
		76DDCE3B1E52788E00D80D98 /* Code Sample.app */ = {isa = PBXFileReference; explicitFileType = wrapper.application; includeInIndex = 0; path = "Code Sample.app"; sourceTree = BUILT_PRODUCTS_DIR; };
		76DDCE3E1E52788E00D80D98 /* AppDelegate.swift */ = {isa = PBXFileReference; lastKnownFileType = sourcecode.swift; path = AppDelegate.swift; sourceTree = "<group>"; };
		76DDCE401E52788E00D80D98 /* ViewController.swift */ = {isa = PBXFileReference; lastKnownFileType = sourcecode.swift; path = ViewController.swift; sourceTree = "<group>"; };
		76DDCE431E52788F00D80D98 /* Base */ = {isa = PBXFileReference; lastKnownFileType = file.storyboard; name = Base; path = Base.lproj/Main.storyboard; sourceTree = "<group>"; };
		76DDCE451E52788F00D80D98 /* Assets.xcassets */ = {isa = PBXFileReference; lastKnownFileType = folder.assetcatalog; path = Assets.xcassets; sourceTree = "<group>"; };
		76DDCE481E52788F00D80D98 /* Base */ = {isa = PBXFileReference; lastKnownFileType = file.storyboard; name = Base; path = Base.lproj/LaunchScreen.storyboard; sourceTree = "<group>"; };
		76DDCE4A1E52788F00D80D98 /* Info.plist */ = {isa = PBXFileReference; lastKnownFileType = text.plist.xml; path = Info.plist; sourceTree = "<group>"; };
		76DDCE501E52A07F00D80D98 /* AppDataModel.swift */ = {isa = PBXFileReference; fileEncoding = 4; lastKnownFileType = sourcecode.swift; path = AppDataModel.swift; sourceTree = "<group>"; };
		76DDCE521E52A79500D80D98 /* SteamSpyService.swift */ = {isa = PBXFileReference; fileEncoding = 4; lastKnownFileType = sourcecode.swift; path = SteamSpyService.swift; sourceTree = "<group>"; };
		76DDCE541E52C50E00D80D98 /* AppCellView.swift */ = {isa = PBXFileReference; fileEncoding = 4; lastKnownFileType = sourcecode.swift; path = AppCellView.swift; sourceTree = "<group>"; };
		76DDCE561E52DC4F00D80D98 /* AppDetailView.swift */ = {isa = PBXFileReference; fileEncoding = 4; lastKnownFileType = sourcecode.swift; path = AppDetailView.swift; sourceTree = "<group>"; };
		B98365B9FFEA3D50F27D4EC0 /* Pods_Code_Sample.framework */ = {isa = PBXFileReference; explicitFileType = wrapper.framework; includeInIndex = 0; path = Pods_Code_Sample.framework; sourceTree = BUILT_PRODUCTS_DIR; };
		C67E80CD32D49926AE40343A /* Pods-Code Sample.debug.xcconfig */ = {isa = PBXFileReference; includeInIndex = 1; lastKnownFileType = text.xcconfig; name = "Pods-Code Sample.debug.xcconfig"; path = "Pods/Target Support Files/Pods-Code Sample/Pods-Code Sample.debug.xcconfig"; sourceTree = "<group>"; };
/* End PBXFileReference section */

/* Begin PBXFrameworksBuildPhase section */
		76DDCE381E52788E00D80D98 /* Frameworks */ = {
			isa = PBXFrameworksBuildPhase;
			buildActionMask = 2147483647;
			files = (
				77AD34D00EB79C4701DEC9AD /* Pods_Code_Sample.framework in Frameworks */,
			);
			runOnlyForDeploymentPostprocessing = 0;
		};
/* End PBXFrameworksBuildPhase section */

/* Begin PBXGroup section */
		25B05A50A54E26746856C708 /* Pods */ = {
			isa = PBXGroup;
			children = (
				C67E80CD32D49926AE40343A /* Pods-Code Sample.debug.xcconfig */,
				030077CDE8988999711D2E8C /* Pods-Code Sample.release.xcconfig */,
			);
			name = Pods;
			sourceTree = "<group>";
		};
		76DDCE321E52788E00D80D98 = {
			isa = PBXGroup;
			children = (
				76DDCE3D1E52788E00D80D98 /* Code Sample */,
				76DDCE3C1E52788E00D80D98 /* Products */,
				25B05A50A54E26746856C708 /* Pods */,
				BA4BD97AE249362C3D2B1B71 /* Frameworks */,
			);
			sourceTree = "<group>";
		};
		76DDCE3C1E52788E00D80D98 /* Products */ = {
			isa = PBXGroup;
			children = (
				76DDCE3B1E52788E00D80D98 /* Code Sample.app */,
			);
			name = Products;
			sourceTree = "<group>";
		};
		76DDCE3D1E52788E00D80D98 /* Code Sample */ = {
			isa = PBXGroup;
			children = (
				76DDCE3E1E52788E00D80D98 /* AppDelegate.swift */,
				76DDCE401E52788E00D80D98 /* ViewController.swift */,
				76DDCE521E52A79500D80D98 /* SteamSpyService.swift */,
				76DDCE501E52A07F00D80D98 /* AppDataModel.swift */,
				76DDCE541E52C50E00D80D98 /* AppCellView.swift */,
				76DDCE561E52DC4F00D80D98 /* AppDetailView.swift */,
				76DDCE421E52788F00D80D98 /* Main.storyboard */,
				76DDCE451E52788F00D80D98 /* Assets.xcassets */,
				76DDCE471E52788F00D80D98 /* LaunchScreen.storyboard */,
				76DDCE4A1E52788F00D80D98 /* Info.plist */,
			);
			path = "Code Sample";
			sourceTree = "<group>";
		};
		BA4BD97AE249362C3D2B1B71 /* Frameworks */ = {
			isa = PBXGroup;
			children = (
				B98365B9FFEA3D50F27D4EC0 /* Pods_Code_Sample.framework */,
			);
			name = Frameworks;
			sourceTree = "<group>";
		};
/* End PBXGroup section */

/* Begin PBXNativeTarget section */
		76DDCE3A1E52788E00D80D98 /* Code Sample */ = {
			isa = PBXNativeTarget;
			buildConfigurationList = 76DDCE4D1E52788F00D80D98 /* Build configuration list for PBXNativeTarget "Code Sample" */;
			buildPhases = (
				E2DF6A9678782E411AFFE730 /* [CP] Check Pods Manifest.lock */,
				76DDCE371E52788E00D80D98 /* Sources */,
				76DDCE381E52788E00D80D98 /* Frameworks */,
				76DDCE391E52788E00D80D98 /* Resources */,
				2984594E522E04B15B1763F7 /* [CP] Embed Pods Frameworks */,
				A96A10648BD0DB8D39DF6FA5 /* [CP] Copy Pods Resources */,
			);
			buildRules = (
			);
			dependencies = (
			);
			name = "Code Sample";
			productName = "Code Sample";
			productReference = 76DDCE3B1E52788E00D80D98 /* Code Sample.app */;
			productType = "com.apple.product-type.application";
		};
/* End PBXNativeTarget section */

/* Begin PBXProject section */
		76DDCE331E52788E00D80D98 /* Project object */ = {
			isa = PBXProject;
			attributes = {
				LastSwiftUpdateCheck = 0820;
				LastUpgradeCheck = 0820;
				ORGANIZATIONNAME = Conor;
				TargetAttributes = {
					76DDCE3A1E52788E00D80D98 = {
						CreatedOnToolsVersion = 8.2.1;
						ProvisioningStyle = Automatic;
					};
				};
			};
			buildConfigurationList = 76DDCE361E52788E00D80D98 /* Build configuration list for PBXProject "Code Sample" */;
			compatibilityVersion = "Xcode 3.2";
			developmentRegion = English;
			hasScannedForEncodings = 0;
			knownRegions = (
				en,
				Base,
			);
			mainGroup = 76DDCE321E52788E00D80D98;
			productRefGroup = 76DDCE3C1E52788E00D80D98 /* Products */;
			projectDirPath = "";
			projectRoot = "";
			targets = (
				76DDCE3A1E52788E00D80D98 /* Code Sample */,
			);
		};
/* End PBXProject section */

/* Begin PBXResourcesBuildPhase section */
		76DDCE391E52788E00D80D98 /* Resources */ = {
			isa = PBXResourcesBuildPhase;
			buildActionMask = 2147483647;
			files = (
				76DDCE491E52788F00D80D98 /* LaunchScreen.storyboard in Resources */,
				76DDCE461E52788F00D80D98 /* Assets.xcassets in Resources */,
				76DDCE441E52788F00D80D98 /* Main.storyboard in Resources */,
			);
			runOnlyForDeploymentPostprocessing = 0;
		};
/* End PBXResourcesBuildPhase section */

/* Begin PBXShellScriptBuildPhase section */
		2984594E522E04B15B1763F7 /* [CP] Embed Pods Frameworks */ = {
			isa = PBXShellScriptBuildPhase;
			buildActionMask = 2147483647;
			files = (
			);
			inputPaths = (
			);
			name = "[CP] Embed Pods Frameworks";
			outputPaths = (
			);
			runOnlyForDeploymentPostprocessing = 0;
			shellPath = /bin/sh;
			shellScript = "\"${SRCROOT}/Pods/Target Support Files/Pods-Code Sample/Pods-Code Sample-frameworks.sh\"\n";
			showEnvVarsInLog = 0;
		};
		A96A10648BD0DB8D39DF6FA5 /* [CP] Copy Pods Resources */ = {
			isa = PBXShellScriptBuildPhase;
			buildActionMask = 2147483647;
			files = (
			);
			inputPaths = (
			);
			name = "[CP] Copy Pods Resources";
			outputPaths = (
			);
			runOnlyForDeploymentPostprocessing = 0;
			shellPath = /bin/sh;
			shellScript = "\"${SRCROOT}/Pods/Target Support Files/Pods-Code Sample/Pods-Code Sample-resources.sh\"\n";
			showEnvVarsInLog = 0;
		};
		E2DF6A9678782E411AFFE730 /* [CP] Check Pods Manifest.lock */ = {
			isa = PBXShellScriptBuildPhase;
			buildActionMask = 2147483647;
			files = (
			);
			inputPaths = (
			);
			name = "[CP] Check Pods Manifest.lock";
			outputPaths = (
			);
			runOnlyForDeploymentPostprocessing = 0;
			shellPath = /bin/sh;
			shellScript = "diff \"${PODS_ROOT}/../Podfile.lock\" \"${PODS_ROOT}/Manifest.lock\" > /dev/null\nif [ $? != 0 ] ; then\n    # print error to STDERR\n    echo \"error: The sandbox is not in sync with the Podfile.lock. Run 'pod install' or update your CocoaPods installation.\" >&2\n    exit 1\nfi\n";
			showEnvVarsInLog = 0;
		};
/* End PBXShellScriptBuildPhase section */

/* Begin PBXSourcesBuildPhase section */
		76DDCE371E52788E00D80D98 /* Sources */ = {
			isa = PBXSourcesBuildPhase;
			buildActionMask = 2147483647;
			files = (
				76DDCE411E52788E00D80D98 /* ViewController.swift in Sources */,
				76DDCE571E52DC4F00D80D98 /* AppDetailView.swift in Sources */,
				76DDCE511E52A07F00D80D98 /* AppDataModel.swift in Sources */,
				76DDCE3F1E52788E00D80D98 /* AppDelegate.swift in Sources */,
				76DDCE531E52A79500D80D98 /* SteamSpyService.swift in Sources */,
				76DDCE551E52C50E00D80D98 /* AppCellView.swift in Sources */,
			);
			runOnlyForDeploymentPostprocessing = 0;
		};
/* End PBXSourcesBuildPhase section */

/* Begin PBXVariantGroup section */
		76DDCE421E52788F00D80D98 /* Main.storyboard */ = {
			isa = PBXVariantGroup;
			children = (
				76DDCE431E52788F00D80D98 /* Base */,
			);
			name = Main.storyboard;
			sourceTree = "<group>";
		};
		76DDCE471E52788F00D80D98 /* LaunchScreen.storyboard */ = {
			isa = PBXVariantGroup;
			children = (
				76DDCE481E52788F00D80D98 /* Base */,
			);
			name = LaunchScreen.storyboard;
			sourceTree = "<group>";
		};
/* End PBXVariantGroup section */

/* Begin XCBuildConfiguration section */
		76DDCE4B1E52788F00D80D98 /* Debug */ = {
			isa = XCBuildConfiguration;
			buildSettings = {
				ALWAYS_SEARCH_USER_PATHS = NO;
				CLANG_ANALYZER_NONNULL = YES;
				CLANG_CXX_LANGUAGE_STANDARD = "gnu++0x";
				CLANG_CXX_LIBRARY = "libc++";
				CLANG_ENABLE_MODULES = YES;
				CLANG_ENABLE_OBJC_ARC = YES;
				CLANG_WARN_BOOL_CONVERSION = YES;
				CLANG_WARN_CONSTANT_CONVERSION = YES;
				CLANG_WARN_DIRECT_OBJC_ISA_USAGE = YES_ERROR;
				CLANG_WARN_DOCUMENTATION_COMMENTS = YES;
				CLANG_WARN_EMPTY_BODY = YES;
				CLANG_WARN_ENUM_CONVERSION = YES;
				CLANG_WARN_INFINITE_RECURSION = YES;
				CLANG_WARN_INT_CONVERSION = YES;
				CLANG_WARN_OBJC_ROOT_CLASS = YES_ERROR;
				CLANG_WARN_SUSPICIOUS_MOVE = YES;
				CLANG_WARN_UNREACHABLE_CODE = YES;
				CLANG_WARN__DUPLICATE_METHOD_MATCH = YES;
				"CODE_SIGN_IDENTITY[sdk=iphoneos*]" = "iPhone Developer";
				COPY_PHASE_STRIP = NO;
				DEBUG_INFORMATION_FORMAT = dwarf;
				ENABLE_STRICT_OBJC_MSGSEND = YES;
				ENABLE_TESTABILITY = YES;
				GCC_C_LANGUAGE_STANDARD = gnu99;
				GCC_DYNAMIC_NO_PIC = NO;
				GCC_NO_COMMON_BLOCKS = YES;
				GCC_OPTIMIZATION_LEVEL = 0;
				GCC_PREPROCESSOR_DEFINITIONS = (
					"DEBUG=1",
					"$(inherited)",
				);
				GCC_WARN_64_TO_32_BIT_CONVERSION = YES;
				GCC_WARN_ABOUT_RETURN_TYPE = YES_ERROR;
				GCC_WARN_UNDECLARED_SELECTOR = YES;
				GCC_WARN_UNINITIALIZED_AUTOS = YES_AGGRESSIVE;
				GCC_WARN_UNUSED_FUNCTION = YES;
				GCC_WARN_UNUSED_VARIABLE = YES;
				IPHONEOS_DEPLOYMENT_TARGET = 10.2;
				MTL_ENABLE_DEBUG_INFO = YES;
				ONLY_ACTIVE_ARCH = YES;
				SDKROOT = iphoneos;
				SWIFT_ACTIVE_COMPILATION_CONDITIONS = DEBUG;
				SWIFT_OPTIMIZATION_LEVEL = "-Onone";
				TARGETED_DEVICE_FAMILY = "1,2";
			};
			name = Debug;
		};
		76DDCE4C1E52788F00D80D98 /* Release */ = {
			isa = XCBuildConfiguration;
			buildSettings = {
				ALWAYS_SEARCH_USER_PATHS = NO;
				CLANG_ANALYZER_NONNULL = YES;
				CLANG_CXX_LANGUAGE_STANDARD = "gnu++0x";
				CLANG_CXX_LIBRARY = "libc++";
				CLANG_ENABLE_MODULES = YES;
				CLANG_ENABLE_OBJC_ARC = YES;
				CLANG_WARN_BOOL_CONVERSION = YES;
				CLANG_WARN_CONSTANT_CONVERSION = YES;
				CLANG_WARN_DIRECT_OBJC_ISA_USAGE = YES_ERROR;
				CLANG_WARN_DOCUMENTATION_COMMENTS = YES;
				CLANG_WARN_EMPTY_BODY = YES;
				CLANG_WARN_ENUM_CONVERSION = YES;
				CLANG_WARN_INFINITE_RECURSION = YES;
				CLANG_WARN_INT_CONVERSION = YES;
				CLANG_WARN_OBJC_ROOT_CLASS = YES_ERROR;
				CLANG_WARN_SUSPICIOUS_MOVE = YES;
				CLANG_WARN_UNREACHABLE_CODE = YES;
				CLANG_WARN__DUPLICATE_METHOD_MATCH = YES;
				"CODE_SIGN_IDENTITY[sdk=iphoneos*]" = "iPhone Developer";
				COPY_PHASE_STRIP = NO;
				DEBUG_INFORMATION_FORMAT = "dwarf-with-dsym";
				ENABLE_NS_ASSERTIONS = NO;
				ENABLE_STRICT_OBJC_MSGSEND = YES;
				GCC_C_LANGUAGE_STANDARD = gnu99;
				GCC_NO_COMMON_BLOCKS = YES;
				GCC_WARN_64_TO_32_BIT_CONVERSION = YES;
				GCC_WARN_ABOUT_RETURN_TYPE = YES_ERROR;
				GCC_WARN_UNDECLARED_SELECTOR = YES;
				GCC_WARN_UNINITIALIZED_AUTOS = YES_AGGRESSIVE;
				GCC_WARN_UNUSED_FUNCTION = YES;
				GCC_WARN_UNUSED_VARIABLE = YES;
				IPHONEOS_DEPLOYMENT_TARGET = 10.2;
				MTL_ENABLE_DEBUG_INFO = NO;
				SDKROOT = iphoneos;
				SWIFT_OPTIMIZATION_LEVEL = "-Owholemodule";
				TARGETED_DEVICE_FAMILY = "1,2";
				VALIDATE_PRODUCT = YES;
			};
			name = Release;
		};
		76DDCE4E1E52788F00D80D98 /* Debug */ = {
			isa = XCBuildConfiguration;
			baseConfigurationReference = C67E80CD32D49926AE40343A /* Pods-Code Sample.debug.xcconfig */;
			buildSettings = {
				ASSETCATALOG_COMPILER_APPICON_NAME = AppIcon;
				INFOPLIST_FILE = "Code Sample/Info.plist";
				LD_RUNPATH_SEARCH_PATHS = "$(inherited) @executable_path/Frameworks";
				PRODUCT_BUNDLE_IDENTIFIER = "com.cmasterson.Code-Sample";
				PRODUCT_NAME = "$(TARGET_NAME)";
				SWIFT_VERSION = 3.0;
			};
			name = Debug;
		};
		76DDCE4F1E52788F00D80D98 /* Release */ = {
			isa = XCBuildConfiguration;
			baseConfigurationReference = 030077CDE8988999711D2E8C /* Pods-Code Sample.release.xcconfig */;
			buildSettings = {
				ASSETCATALOG_COMPILER_APPICON_NAME = AppIcon;
				INFOPLIST_FILE = "Code Sample/Info.plist";
				LD_RUNPATH_SEARCH_PATHS = "$(inherited) @executable_path/Frameworks";
				PRODUCT_BUNDLE_IDENTIFIER = "com.cmasterson.Code-Sample";
				PRODUCT_NAME = "$(TARGET_NAME)";
				SWIFT_VERSION = 3.0;
			};
			name = Release;
		};
/* End XCBuildConfiguration section */

/* Begin XCConfigurationList section */
		76DDCE361E52788E00D80D98 /* Build configuration list for PBXProject "Code Sample" */ = {
			isa = XCConfigurationList;
			buildConfigurations = (
				76DDCE4B1E52788F00D80D98 /* Debug */,
				76DDCE4C1E52788F00D80D98 /* Release */,
			);
			defaultConfigurationIsVisible = 0;
			defaultConfigurationName = Release;
		};
		76DDCE4D1E52788F00D80D98 /* Build configuration list for PBXNativeTarget "Code Sample" */ = {
			isa = XCConfigurationList;
			buildConfigurations = (
				76DDCE4E1E52788F00D80D98 /* Debug */,
				76DDCE4F1E52788F00D80D98 /* Release */,
			);
			defaultConfigurationIsVisible = 0;
		};
/* End XCConfigurationList section */
	};
	rootObject = 76DDCE331E52788E00D80D98 /* Project object */;
}
